
Microsoft Visual Studio Solution File, Format Version 12.00
# Visual Studio Version 17
VisualStudioVersion = 17.14.37111.16
MinimumVisualStudioVersion = 10.0.40219.1
Project("{2150E333-8FDC-42A3-9474-1A3956D46DE8}") = "src", "src", "{02EA681E-C7D8-13C7-8484-4AC65E1B71E8}"
EndProject
Project("{FAE04EC0-301F-11D3-BF4B-00C04F79EFBC}") = "AvlTree", "src\AvlTree\AvlTree.csproj", "{0DD1E6BD-841F-DA5A-AA85-A29C54E4EC24}"
EndProject
Project("{FAE04EC0-301F-11D3-BF4B-00C04F79EFBC}") = "Contract", "src\Contract\Contract.csproj", "{42B7106D-5B78-877C-D94C-A44EA3A3464E}"
EndProject
Project("{FAE04EC0-301F-11D3-BF4B-00C04F79EFBC}") = "Service", "src\Service\Service.csproj", "{F5FD8F75-DB5B-15BA-531E-B71CE3C47C13}"
EndProject
Project("{FAE04EC0-301F-11D3-BF4B-00C04F79EFBC}") = "Backend", "src\Backend\Backend.csproj", "{1A54C3FC-900B-AAEA-3502-101EF4241700}"
EndProject
Project("{2150E333-8FDC-42A3-9474-1A3956D46DE8}") = "test", "test", "{337AC874-524B-4A75-ABB4-79CB7E3F62DC}"
EndProject
Project("{FAE04EC0-301F-11D3-BF4B-00C04F79EFBC}") = "AvlTreeUnitTest", "test\AvlTreeUnitTest\AvlTreeUnitTest.csproj", "{F8C64851-C14F-47EE-BE3D-0EF392F2CD5B}"
EndProject
Project("{FAE04EC0-301F-11D3-BF4B-00C04F79EFBC}") = "BackendTest", "test\BackendTest\BackendTest.csproj", "{FEDC4FDB-DCF8-4FD3-9AC9-779DC4CAB1E0}"
EndProject
Global
	GlobalSection(SolutionConfigurationPlatforms) = preSolution
		Debug|Any CPU = Debug|Any CPU
		Release|Any CPU = Release|Any CPU
	EndGlobalSection
	GlobalSection(ProjectConfigurationPlatforms) = postSolution
		{0DD1E6BD-841F-DA5A-AA85-A29C54E4EC24}.Debug|Any CPU.ActiveCfg = Debug|Any CPU
		{0DD1E6BD-841F-DA5A-AA85-A29C54E4EC24}.Debug|Any CPU.Build.0 = Debug|Any CPU
		{0DD1E6BD-841F-DA5A-AA85-A29C54E4EC24}.Release|Any CPU.ActiveCfg = Release|Any CPU
		{0DD1E6BD-841F-DA5A-AA85-A29C54E4EC24}.Release|Any CPU.Build.0 = Release|Any CPU
		{42B7106D-5B78-877C-D94C-A44EA3A3464E}.Debug|Any CPU.ActiveCfg = Debug|Any CPU
		{42B7106D-5B78-877C-D94C-A44EA3A3464E}.Debug|Any CPU.Build.0 = Debug|Any CPU
		{42B7106D-5B78-877C-D94C-A44EA3A3464E}.Release|Any CPU.ActiveCfg = Release|Any CPU
		{42B7106D-5B78-877C-D94C-A44EA3A3464E}.Release|Any CPU.Build.0 = Release|Any CPU
		{F5FD8F75-DB5B-15BA-531E-B71CE3C47C13}.Debug|Any CPU.ActiveCfg = Debug|Any CPU
		{F5FD8F75-DB5B-15BA-531E-B71CE3C47C13}.Debug|Any CPU.Build.0 = Debug|Any CPU
		{F5FD8F75-DB5B-15BA-531E-B71CE3C47C13}.Release|Any CPU.ActiveCfg = Release|Any CPU
		{F5FD8F75-DB5B-15BA-531E-B71CE3C47C13}.Release|Any CPU.Build.0 = Release|Any CPU
		{1A54C3FC-900B-AAEA-3502-101EF4241700}.Debug|Any CPU.ActiveCfg = Debug|Any CPU
		{1A54C3FC-900B-AAEA-3502-101EF4241700}.Debug|Any CPU.Build.0 = Debug|Any CPU
		{1A54C3FC-900B-AAEA-3502-101EF4241700}.Release|Any CPU.ActiveCfg = Release|Any CPU
		{1A54C3FC-900B-AAEA-3502-101EF4241700}.Release|Any CPU.Build.0 = Release|Any CPU
		{F8C64851-C14F-47EE-BE3D-0EF392F2CD5B}.Debug|Any CPU.ActiveCfg = Debug|Any CPU
		{F8C64851-C14F-47EE-BE3D-0EF392F2CD5B}.Debug|Any CPU.Build.0 = Debug|Any CPU
		{F8C64851-C14F-47EE-BE3D-0EF392F2CD5B}.Release|Any CPU.ActiveCfg = Release|Any CPU
		{F8C64851-C14F-47EE-BE3D-0EF392F2CD5B}.Release|Any CPU.Build.0 = Release|Any CPU
		{FEDC4FDB-DCF8-4FD3-9AC9-779DC4CAB1E0}.Debug|Any CPU.ActiveCfg = Debug|Any CPU
		{FEDC4FDB-DCF8-4FD3-9AC9-779DC4CAB1E0}.Debug|Any CPU.Build.0 = Debug|Any CPU
		{FEDC4FDB-DCF8-4FD3-9AC9-779DC4CAB1E0}.Release|Any CPU.ActiveCfg = Release|Any CPU
		{FEDC4FDB-DCF8-4FD3-9AC9-779DC4CAB1E0}.Release|Any CPU.Build.0 = Release|Any CPU
	EndGlobalSection
	GlobalSection(SolutionProperties) = preSolution
		HideSolutionNode = FALSE
	EndGlobalSection
	GlobalSection(NestedProjects) = preSolution
		{0DD1E6BD-841F-DA5A-AA85-A29C54E4EC24} = {02EA681E-C7D8-13C7-8484-4AC65E1B71E8}
		{42B7106D-5B78-877C-D94C-A44EA3A3464E} = {02EA681E-C7D8-13C7-8484-4AC65E1B71E8}
		{F5FD8F75-DB5B-15BA-531E-B71CE3C47C13} = {02EA681E-C7D8-13C7-8484-4AC65E1B71E8}
		{1A54C3FC-900B-AAEA-3502-101EF4241700} = {02EA681E-C7D8-13C7-8484-4AC65E1B71E8}
		{F8C64851-C14F-47EE-BE3D-0EF392F2CD5B} = {337AC874-524B-4A75-ABB4-79CB7E3F62DC}
		{FEDC4FDB-DCF8-4FD3-9AC9-779DC4CAB1E0} = {337AC874-524B-4A75-ABB4-79CB7E3F62DC}
	EndGlobalSection
	GlobalSection(ExtensibilityGlobals) = postSolution
		SolutionGuid = {30872D0A-9C49-442F-9952-D87F63D56317}
	EndGlobalSection
EndGlobal
